
Microsoft Visual Studio Solution File, Format Version 12.00
# Visual Studio Version 16
VisualStudioVersion = 16.0.32929.386
MinimumVisualStudioVersion = 10.0.40219.1
Project("{FAE04EC0-301F-11D3-BF4B-00C04F79EFBC}") = "EmployeeApp", "EmployeeApp\EmployeeApp.csproj", "{02B2DE7A-6624-4684-BE2A-6A9C03C9D538}"
EndProject
Global
	GlobalSection(SolutionConfigurationPlatforms) = preSolution
		Debug|Any CPU = Debug|Any CPU
		Release|Any CPU = Release|Any CPU
	EndGlobalSection
	GlobalSection(ProjectConfigurationPlatforms) = postSolution
		{02B2DE7A-6624-4684-BE2A-6A9C03C9D538}.Debug|Any CPU.ActiveCfg = Debug|Any CPU
		{02B2DE7A-6624-4684-BE2A-6A9C03C9D538}.Debug|Any CPU.Build.0 = Debug|Any CPU
		{02B2DE7A-6624-4684-BE2A-6A9C03C9D538}.Release|Any CPU.ActiveCfg = Release|Any CPU
		{02B2DE7A-6624-4684-BE2A-6A9C03C9D538}.Release|Any CPU.Build.0 = Release|Any CPU
	EndGlobalSection
	GlobalSection(SolutionProperties) = preSolution
		HideSolutionNode = FALSE
	EndGlobalSection
	GlobalSection(ExtensibilityGlobals) = postSolution
		SolutionGuid = {B719ADA0-14C4-4352-8AFF-56B62A0AD394}
	EndGlobalSection
EndGlobal
